// !$*UTF8*$!
{
	archiveVersion = 1;
	classes = {
	};
	objectVersion = 46;
	objects = {

/* Begin PBXBuildFile section */
		844F93EB1C57BDC300CE97F0 /* SelectLevelScene.swift in Sources */ = {isa = PBXBuildFile; fileRef = 844F93EA1C57BDC300CE97F0 /* SelectLevelScene.swift */; };
		844F93ED1C57BE1E00CE97F0 /* SelectLevelScene.sks in Resources */ = {isa = PBXBuildFile; fileRef = 844F93EC1C57BE1E00CE97F0 /* SelectLevelScene.sks */; };
		847DE5241C57F6F80046DE24 /* SettingsScene.swift in Sources */ = {isa = PBXBuildFile; fileRef = 84A64F821C57E8AF009641B0 /* SettingsScene.swift */; };
		84967C911C467E27005D5CFD /* GestureControlInputSource.swift in Sources */ = {isa = PBXBuildFile; fileRef = 84967C901C467E27005D5CFD /* GestureControlInputSource.swift */; };
		84967C971C4693D3005D5CFD /* SettingsScene.sks in Resources */ = {isa = PBXBuildFile; fileRef = 84967C961C4693D3005D5CFD /* SettingsScene.sks */; };
		9101C05A1C22EF44008F893C /* AnimationComponent.swift in Sources */ = {isa = PBXBuildFile; fileRef = 9101C0591C22EF44008F893C /* AnimationComponent.swift */; };
		9101C05C1C22EFA5008F893C /* Direction.swift in Sources */ = {isa = PBXBuildFile; fileRef = 9101C05B1C22EFA5008F893C /* Direction.swift */; };
		9101C05E1C22F702008F893C /* IntelligenceComponent.swift in Sources */ = {isa = PBXBuildFile; fileRef = 9101C05D1C22F702008F893C /* IntelligenceComponent.swift */; };
		9101C0611C22F73A008F893C /* LMAppearState.swift in Sources */ = {isa = PBXBuildFile; fileRef = 9101C0601C22F73A008F893C /* LMAppearState.swift */; };
		9101C0631C22F74E008F893C /* LMHitState.swift in Sources */ = {isa = PBXBuildFile; fileRef = 9101C0621C22F74E008F893C /* LMHitState.swift */; };
		9101C0651C22F758008F893C /* LMMovingState.swift in Sources */ = {isa = PBXBuildFile; fileRef = 9101C0641C22F758008F893C /* LMMovingState.swift */; };
		9101C0671C22FBDE008F893C /* LumaxMan.xcassets in Resources */ = {isa = PBXBuildFile; fileRef = 9101C0661C22FBDE008F893C /* LumaxMan.xcassets */; };
		9142B5C81C57B8A300F1B7DC /* SimpleAnimationComponent.swift in Sources */ = {isa = PBXBuildFile; fileRef = 9142B5C71C57B8A300F1B7DC /* SimpleAnimationComponent.swift */; };
		9142B5CA1C57C1A200F1B7DC /* Objects.xcassets in Resources */ = {isa = PBXBuildFile; fileRef = 9142B5C91C57C1A200F1B7DC /* Objects.xcassets */; };
		9142B5CC1C57C9A400F1B7DC /* CoinBehavior.swift in Sources */ = {isa = PBXBuildFile; fileRef = 9142B5CB1C57C9A400F1B7DC /* CoinBehavior.swift */; };
		916A9D351C493B5C00C486B5 /* ObjectEntity.swift in Sources */ = {isa = PBXBuildFile; fileRef = 916A9D341C493B5C00C486B5 /* ObjectEntity.swift */; };
		91AE87AE1C4E770F00A5E263 /* ObjectComponent.swift in Sources */ = {isa = PBXBuildFile; fileRef = 91AE87AD1C4E770F00A5E263 /* ObjectComponent.swift */; };
		91AE87B01C4E7B1000A5E263 /* KeyBehavior.swift in Sources */ = {isa = PBXBuildFile; fileRef = 91AE87AF1C4E7B1000A5E263 /* KeyBehavior.swift */; };
		91B9C18E1C4690CA0015FE72 /* PhysicsComponent.swift in Sources */ = {isa = PBXBuildFile; fileRef = 91B9C18D1C4690CA0015FE72 /* PhysicsComponent.swift */; };
		91B9C1901C4695540015FE72 /* ColliderType.swift in Sources */ = {isa = PBXBuildFile; fileRef = 91B9C18F1C4695540015FE72 /* ColliderType.swift */; };
		91B9C1921C4696D40015FE72 /* ContactNotifiableType.swift in Sources */ = {isa = PBXBuildFile; fileRef = 91B9C1911C4696D40015FE72 /* ContactNotifiableType.swift */; };
		91CA49941C20A29800AFA41A /* SceneManager.swift in Sources */ = {isa = PBXBuildFile; fileRef = 91CA49931C20A29800AFA41A /* SceneManager.swift */; };
		91CA49961C20A2F800AFA41A /* SceneMetadata.swift in Sources */ = {isa = PBXBuildFile; fileRef = 91CA49951C20A2F800AFA41A /* SceneMetadata.swift */; };
		91CA49981C20AB6B00AFA41A /* BaseScene.swift in Sources */ = {isa = PBXBuildFile; fileRef = 91CA49971C20AB6B00AFA41A /* BaseScene.swift */; };
		91CA499A1C20AD4500AFA41A /* ButtonNode.swift in Sources */ = {isa = PBXBuildFile; fileRef = 91CA49991C20AD4500AFA41A /* ButtonNode.swift */; };
		91CA499C1C20AFD900AFA41A /* SceneConfiguration.plist in Resources */ = {isa = PBXBuildFile; fileRef = 91CA499B1C20AFD900AFA41A /* SceneConfiguration.plist */; };
		91CA499E1C20B05F00AFA41A /* GameplayConfiguration.swift in Sources */ = {isa = PBXBuildFile; fileRef = 91CA499D1C20B05F00AFA41A /* GameplayConfiguration.swift */; };
		91CA49A01C20B1A600AFA41A /* MenuScene.swift in Sources */ = {isa = PBXBuildFile; fileRef = 91CA499F1C20B1A600AFA41A /* MenuScene.swift */; };
		91CA49A21C20B38300AFA41A /* SceneOverlay.swift in Sources */ = {isa = PBXBuildFile; fileRef = 91CA49A11C20B38300AFA41A /* SceneOverlay.swift */; };
		91CA49A41C20CD0800AFA41A /* RenderComponent.swift in Sources */ = {isa = PBXBuildFile; fileRef = 91CA49A31C20CD0800AFA41A /* RenderComponent.swift */; };
		91CA49A61C20CDB600AFA41A /* MovementComponent.swift in Sources */ = {isa = PBXBuildFile; fileRef = 91CA49A51C20CDB600AFA41A /* MovementComponent.swift */; };
		91CA49A81C20D12100AFA41A /* OrientationComponent.swift in Sources */ = {isa = PBXBuildFile; fileRef = 91CA49A71C20D12100AFA41A /* OrientationComponent.swift */; };
		91CA49AC1C20D53700AFA41A /* GeometryExtensions.swift in Sources */ = {isa = PBXBuildFile; fileRef = 91CA49AB1C20D53700AFA41A /* GeometryExtensions.swift */; };
		91CA49AE1C20D7C700AFA41A /* LevelSceneActiveState.swift in Sources */ = {isa = PBXBuildFile; fileRef = 91CA49AD1C20D7C700AFA41A /* LevelSceneActiveState.swift */; };
		91CA49B01C20D7F600AFA41A /* LevelSceneOverlayState.swift in Sources */ = {isa = PBXBuildFile; fileRef = 91CA49AF1C20D7F600AFA41A /* LevelSceneOverlayState.swift */; };
		91CA49B21C20D80A00AFA41A /* LevelScenePauseState.swift in Sources */ = {isa = PBXBuildFile; fileRef = 91CA49B11C20D80A00AFA41A /* LevelScenePauseState.swift */; };
		91CA49B41C20D82200AFA41A /* LevelSceneFailState.swift in Sources */ = {isa = PBXBuildFile; fileRef = 91CA49B31C20D82200AFA41A /* LevelSceneFailState.swift */; };
		91CA49B61C20D83500AFA41A /* LevelSceneSuccessState.swift in Sources */ = {isa = PBXBuildFile; fileRef = 91CA49B51C20D83500AFA41A /* LevelSceneSuccessState.swift */; };
		91CA49B81C20DD9300AFA41A /* LevelConfiguration.swift in Sources */ = {isa = PBXBuildFile; fileRef = 91CA49B71C20DD9300AFA41A /* LevelConfiguration.swift */; };
		91CA49BD1C20EC7600AFA41A /* PauseScene.sks in Resources */ = {isa = PBXBuildFile; fileRef = 91CA49BC1C20EC7600AFA41A /* PauseScene.sks */; };
		91CA49BF1C20ECA500AFA41A /* FailScene.sks in Resources */ = {isa = PBXBuildFile; fileRef = 91CA49BE1C20ECA500AFA41A /* FailScene.sks */; };
		91CA49C11C20ECB000AFA41A /* SuccessScene.sks in Resources */ = {isa = PBXBuildFile; fileRef = 91CA49C01C20ECB000AFA41A /* SuccessScene.sks */; };
		91FFF78D1C2072E700B7EC45 /* LumaxManEntity.swift in Sources */ = {isa = PBXBuildFile; fileRef = 91FFF78C1C2072E700B7EC45 /* LumaxManEntity.swift */; };
		91FFF78F1C20747700B7EC45 /* InputComponent.swift in Sources */ = {isa = PBXBuildFile; fileRef = 91FFF78E1C20747700B7EC45 /* InputComponent.swift */; };
		91FFF7921C20758100B7EC45 /* ControlInputSource.swift in Sources */ = {isa = PBXBuildFile; fileRef = 91FFF7911C20758100B7EC45 /* ControlInputSource.swift */; };
		91FFF7951C20766C00B7EC45 /* EntityNode.swift in Sources */ = {isa = PBXBuildFile; fileRef = 91FFF7941C20766C00B7EC45 /* EntityNode.swift */; };
		91FFF79C1C207B0800B7EC45 /* LevelScene.swift in Sources */ = {isa = PBXBuildFile; fileRef = 91FFF79B1C207B0800B7EC45 /* LevelScene.swift */; };
		91FFF79E1C207C1600B7EC45 /* LevelScene+Pause.swift in Sources */ = {isa = PBXBuildFile; fileRef = 91FFF79D1C207C1600B7EC45 /* LevelScene+Pause.swift */; };
		C02B58E31C4E8DCD0079D144 /* Enemy.xcassets in Resources */ = {isa = PBXBuildFile; fileRef = C02B58E21C4E8DCD0079D144 /* Enemy.xcassets */; };
		C02B58EC1C4EA2F50079D144 /* EnemyEscapingState.swift in Sources */ = {isa = PBXBuildFile; fileRef = C02B58EB1C4EA2F50079D144 /* EnemyEscapingState.swift */; };
		C02B58EE1C4EA30D0079D144 /* EnemyFollowingState.swift in Sources */ = {isa = PBXBuildFile; fileRef = C02B58ED1C4EA30D0079D144 /* EnemyFollowingState.swift */; };
		C04078371C18760900D3EEE4 /* AppDelegate.swift in Sources */ = {isa = PBXBuildFile; fileRef = C04078361C18760900D3EEE4 /* AppDelegate.swift */; };
		C040783D1C18760900D3EEE4 /* GameViewController.swift in Sources */ = {isa = PBXBuildFile; fileRef = C040783C1C18760900D3EEE4 /* GameViewController.swift */; };
		C04078401C18760900D3EEE4 /* Main.storyboard in Resources */ = {isa = PBXBuildFile; fileRef = C040783E1C18760900D3EEE4 /* Main.storyboard */; };
		C04078421C18760900D3EEE4 /* Assets.xcassets in Resources */ = {isa = PBXBuildFile; fileRef = C04078411C18760900D3EEE4 /* Assets.xcassets */; };
		C04078451C18760900D3EEE4 /* LaunchScreen.storyboard in Resources */ = {isa = PBXBuildFile; fileRef = C04078431C18760900D3EEE4 /* LaunchScreen.storyboard */; };
		C040784D1C1884F100D3EEE4 /* MenuScene.sks in Resources */ = {isa = PBXBuildFile; fileRef = C040784C1C1884F100D3EEE4 /* MenuScene.sks */; };
		C0FC0C7F1C467870008AE09D /* GameKit.framework in Frameworks */ = {isa = PBXBuildFile; fileRef = C0FC0C7E1C467870008AE09D /* GameKit.framework */; };
		C0FC0C821C469797008AE09D /* EnemyEntity.swift in Sources */ = {isa = PBXBuildFile; fileRef = C0FC0C811C469797008AE09D /* EnemyEntity.swift */; };
		C0FC0C841C469A5F008AE09D /* EnemyAgent.swift in Sources */ = {isa = PBXBuildFile; fileRef = C0FC0C831C469A5F008AE09D /* EnemyAgent.swift */; };
		C0FC0C901C492B56008AE09D /* Level1.sks in Resources */ = {isa = PBXBuildFile; fileRef = C0FC0C8F1C492B56008AE09D /* Level1.sks */; };
		C0FC0C921C492B9D008AE09D /* Level1.plist in Resources */ = {isa = PBXBuildFile; fileRef = C0FC0C911C492B9D008AE09D /* Level1.plist */; };
/* End PBXBuildFile section */

/* Begin PBXFileReference section */
		844F93EA1C57BDC300CE97F0 /* SelectLevelScene.swift */ = {isa = PBXFileReference; fileEncoding = 4; lastKnownFileType = sourcecode.swift; path = SelectLevelScene.swift; sourceTree = "<group>"; };
		844F93EC1C57BE1E00CE97F0 /* SelectLevelScene.sks */ = {isa = PBXFileReference; lastKnownFileType = file.sks; path = SelectLevelScene.sks; sourceTree = "<group>"; };
		84967C901C467E27005D5CFD /* GestureControlInputSource.swift */ = {isa = PBXFileReference; fileEncoding = 4; lastKnownFileType = sourcecode.swift; path = GestureControlInputSource.swift; sourceTree = "<group>"; };
		84967C961C4693D3005D5CFD /* SettingsScene.sks */ = {isa = PBXFileReference; lastKnownFileType = file.sks; path = SettingsScene.sks; sourceTree = "<group>"; };
		84A64F821C57E8AF009641B0 /* SettingsScene.swift */ = {isa = PBXFileReference; fileEncoding = 4; lastKnownFileType = sourcecode.swift; path = SettingsScene.swift; sourceTree = "<group>"; };
		9101C0591C22EF44008F893C /* AnimationComponent.swift */ = {isa = PBXFileReference; fileEncoding = 4; lastKnownFileType = sourcecode.swift; path = AnimationComponent.swift; sourceTree = "<group>"; };
		9101C05B1C22EFA5008F893C /* Direction.swift */ = {isa = PBXFileReference; fileEncoding = 4; lastKnownFileType = sourcecode.swift; path = Direction.swift; sourceTree = "<group>"; };
		9101C05D1C22F702008F893C /* IntelligenceComponent.swift */ = {isa = PBXFileReference; fileEncoding = 4; lastKnownFileType = sourcecode.swift; path = IntelligenceComponent.swift; sourceTree = "<group>"; };
		9101C0601C22F73A008F893C /* LMAppearState.swift */ = {isa = PBXFileReference; fileEncoding = 4; lastKnownFileType = sourcecode.swift; path = LMAppearState.swift; sourceTree = "<group>"; };
		9101C0621C22F74E008F893C /* LMHitState.swift */ = {isa = PBXFileReference; fileEncoding = 4; lastKnownFileType = sourcecode.swift; path = LMHitState.swift; sourceTree = "<group>"; };
		9101C0641C22F758008F893C /* LMMovingState.swift */ = {isa = PBXFileReference; fileEncoding = 4; lastKnownFileType = sourcecode.swift; path = LMMovingState.swift; sourceTree = "<group>"; };
		9101C0661C22FBDE008F893C /* LumaxMan.xcassets */ = {isa = PBXFileReference; lastKnownFileType = folder.assetcatalog; path = LumaxMan.xcassets; sourceTree = "<group>"; };
		9142B5C71C57B8A300F1B7DC /* SimpleAnimationComponent.swift */ = {isa = PBXFileReference; fileEncoding = 4; lastKnownFileType = sourcecode.swift; path = SimpleAnimationComponent.swift; sourceTree = "<group>"; };
		9142B5C91C57C1A200F1B7DC /* Objects.xcassets */ = {isa = PBXFileReference; lastKnownFileType = folder.assetcatalog; path = Objects.xcassets; sourceTree = "<group>"; };
		9142B5CB1C57C9A400F1B7DC /* CoinBehavior.swift */ = {isa = PBXFileReference; fileEncoding = 4; lastKnownFileType = sourcecode.swift; path = CoinBehavior.swift; sourceTree = "<group>"; };
		916A9D341C493B5C00C486B5 /* ObjectEntity.swift */ = {isa = PBXFileReference; fileEncoding = 4; lastKnownFileType = sourcecode.swift; path = ObjectEntity.swift; sourceTree = "<group>"; };
		91AE87AD1C4E770F00A5E263 /* ObjectComponent.swift */ = {isa = PBXFileReference; fileEncoding = 4; lastKnownFileType = sourcecode.swift; path = ObjectComponent.swift; sourceTree = "<group>"; };
		91AE87AF1C4E7B1000A5E263 /* KeyBehavior.swift */ = {isa = PBXFileReference; fileEncoding = 4; lastKnownFileType = sourcecode.swift; path = KeyBehavior.swift; sourceTree = "<group>"; };
		91B9C18D1C4690CA0015FE72 /* PhysicsComponent.swift */ = {isa = PBXFileReference; fileEncoding = 4; lastKnownFileType = sourcecode.swift; path = PhysicsComponent.swift; sourceTree = "<group>"; };
		91B9C18F1C4695540015FE72 /* ColliderType.swift */ = {isa = PBXFileReference; fileEncoding = 4; lastKnownFileType = sourcecode.swift; path = ColliderType.swift; sourceTree = "<group>"; };
		91B9C1911C4696D40015FE72 /* ContactNotifiableType.swift */ = {isa = PBXFileReference; fileEncoding = 4; lastKnownFileType = sourcecode.swift; path = ContactNotifiableType.swift; sourceTree = "<group>"; };
		91CA49931C20A29800AFA41A /* SceneManager.swift */ = {isa = PBXFileReference; fileEncoding = 4; lastKnownFileType = sourcecode.swift; path = SceneManager.swift; sourceTree = "<group>"; };
		91CA49951C20A2F800AFA41A /* SceneMetadata.swift */ = {isa = PBXFileReference; fileEncoding = 4; lastKnownFileType = sourcecode.swift; path = SceneMetadata.swift; sourceTree = "<group>"; };
		91CA49971C20AB6B00AFA41A /* BaseScene.swift */ = {isa = PBXFileReference; fileEncoding = 4; lastKnownFileType = sourcecode.swift; path = BaseScene.swift; sourceTree = "<group>"; };
		91CA49991C20AD4500AFA41A /* ButtonNode.swift */ = {isa = PBXFileReference; fileEncoding = 4; lastKnownFileType = sourcecode.swift; path = ButtonNode.swift; sourceTree = "<group>"; };
		91CA499B1C20AFD900AFA41A /* SceneConfiguration.plist */ = {isa = PBXFileReference; fileEncoding = 4; lastKnownFileType = text.plist.xml; path = SceneConfiguration.plist; sourceTree = "<group>"; };
		91CA499D1C20B05F00AFA41A /* GameplayConfiguration.swift */ = {isa = PBXFileReference; fileEncoding = 4; lastKnownFileType = sourcecode.swift; path = GameplayConfiguration.swift; sourceTree = "<group>"; };
		91CA499F1C20B1A600AFA41A /* MenuScene.swift */ = {isa = PBXFileReference; fileEncoding = 4; lastKnownFileType = sourcecode.swift; path = MenuScene.swift; sourceTree = "<group>"; };
		91CA49A11C20B38300AFA41A /* SceneOverlay.swift */ = {isa = PBXFileReference; fileEncoding = 4; lastKnownFileType = sourcecode.swift; path = SceneOverlay.swift; sourceTree = "<group>"; };
		91CA49A31C20CD0800AFA41A /* RenderComponent.swift */ = {isa = PBXFileReference; fileEncoding = 4; lastKnownFileType = sourcecode.swift; path = RenderComponent.swift; sourceTree = "<group>"; };
		91CA49A51C20CDB600AFA41A /* MovementComponent.swift */ = {isa = PBXFileReference; fileEncoding = 4; lastKnownFileType = sourcecode.swift; path = MovementComponent.swift; sourceTree = "<group>"; };
		91CA49A71C20D12100AFA41A /* OrientationComponent.swift */ = {isa = PBXFileReference; fileEncoding = 4; lastKnownFileType = sourcecode.swift; path = OrientationComponent.swift; sourceTree = "<group>"; };
		91CA49AB1C20D53700AFA41A /* GeometryExtensions.swift */ = {isa = PBXFileReference; fileEncoding = 4; lastKnownFileType = sourcecode.swift; path = GeometryExtensions.swift; sourceTree = "<group>"; };
		91CA49AD1C20D7C700AFA41A /* LevelSceneActiveState.swift */ = {isa = PBXFileReference; fileEncoding = 4; lastKnownFileType = sourcecode.swift; path = LevelSceneActiveState.swift; sourceTree = "<group>"; };
		91CA49AF1C20D7F600AFA41A /* LevelSceneOverlayState.swift */ = {isa = PBXFileReference; fileEncoding = 4; lastKnownFileType = sourcecode.swift; path = LevelSceneOverlayState.swift; sourceTree = "<group>"; };
		91CA49B11C20D80A00AFA41A /* LevelScenePauseState.swift */ = {isa = PBXFileReference; fileEncoding = 4; lastKnownFileType = sourcecode.swift; path = LevelScenePauseState.swift; sourceTree = "<group>"; };
		91CA49B31C20D82200AFA41A /* LevelSceneFailState.swift */ = {isa = PBXFileReference; fileEncoding = 4; lastKnownFileType = sourcecode.swift; path = LevelSceneFailState.swift; sourceTree = "<group>"; };
		91CA49B51C20D83500AFA41A /* LevelSceneSuccessState.swift */ = {isa = PBXFileReference; fileEncoding = 4; lastKnownFileType = sourcecode.swift; path = LevelSceneSuccessState.swift; sourceTree = "<group>"; };
		91CA49B71C20DD9300AFA41A /* LevelConfiguration.swift */ = {isa = PBXFileReference; fileEncoding = 4; lastKnownFileType = sourcecode.swift; path = LevelConfiguration.swift; sourceTree = "<group>"; };
		91CA49BC1C20EC7600AFA41A /* PauseScene.sks */ = {isa = PBXFileReference; lastKnownFileType = file.sks; path = PauseScene.sks; sourceTree = "<group>"; };
		91CA49BE1C20ECA500AFA41A /* FailScene.sks */ = {isa = PBXFileReference; lastKnownFileType = file.sks; path = FailScene.sks; sourceTree = "<group>"; };
		91CA49C01C20ECB000AFA41A /* SuccessScene.sks */ = {isa = PBXFileReference; lastKnownFileType = file.sks; path = SuccessScene.sks; sourceTree = "<group>"; };
		91FFF78C1C2072E700B7EC45 /* LumaxManEntity.swift */ = {isa = PBXFileReference; fileEncoding = 4; lastKnownFileType = sourcecode.swift; path = LumaxManEntity.swift; sourceTree = "<group>"; };
		91FFF78E1C20747700B7EC45 /* InputComponent.swift */ = {isa = PBXFileReference; fileEncoding = 4; lastKnownFileType = sourcecode.swift; path = InputComponent.swift; sourceTree = "<group>"; };
		91FFF7911C20758100B7EC45 /* ControlInputSource.swift */ = {isa = PBXFileReference; fileEncoding = 4; lastKnownFileType = sourcecode.swift; path = ControlInputSource.swift; sourceTree = "<group>"; };
		91FFF7941C20766C00B7EC45 /* EntityNode.swift */ = {isa = PBXFileReference; fileEncoding = 4; lastKnownFileType = sourcecode.swift; path = EntityNode.swift; sourceTree = "<group>"; };
		91FFF79B1C207B0800B7EC45 /* LevelScene.swift */ = {isa = PBXFileReference; fileEncoding = 4; lastKnownFileType = sourcecode.swift; path = LevelScene.swift; sourceTree = "<group>"; };
		91FFF79D1C207C1600B7EC45 /* LevelScene+Pause.swift */ = {isa = PBXFileReference; fileEncoding = 4; lastKnownFileType = sourcecode.swift; path = "LevelScene+Pause.swift"; sourceTree = "<group>"; };
		C02B58E21C4E8DCD0079D144 /* Enemy.xcassets */ = {isa = PBXFileReference; lastKnownFileType = folder.assetcatalog; path = Enemy.xcassets; sourceTree = "<group>"; };
		C02B58EB1C4EA2F50079D144 /* EnemyEscapingState.swift */ = {isa = PBXFileReference; fileEncoding = 4; lastKnownFileType = sourcecode.swift; path = EnemyEscapingState.swift; sourceTree = "<group>"; };
		C02B58ED1C4EA30D0079D144 /* EnemyFollowingState.swift */ = {isa = PBXFileReference; fileEncoding = 4; lastKnownFileType = sourcecode.swift; path = EnemyFollowingState.swift; sourceTree = "<group>"; };
		C04078331C18760900D3EEE4 /* LuMaxMan.app */ = {isa = PBXFileReference; explicitFileType = wrapper.application; includeInIndex = 0; path = LuMaxMan.app; sourceTree = BUILT_PRODUCTS_DIR; };
		C04078361C18760900D3EEE4 /* AppDelegate.swift */ = {isa = PBXFileReference; lastKnownFileType = sourcecode.swift; path = AppDelegate.swift; sourceTree = "<group>"; };
		C040783C1C18760900D3EEE4 /* GameViewController.swift */ = {isa = PBXFileReference; lastKnownFileType = sourcecode.swift; path = GameViewController.swift; sourceTree = "<group>"; };
		C040783F1C18760900D3EEE4 /* Base */ = {isa = PBXFileReference; lastKnownFileType = file.storyboard; name = Base; path = Base.lproj/Main.storyboard; sourceTree = "<group>"; };
		C04078411C18760900D3EEE4 /* Assets.xcassets */ = {isa = PBXFileReference; lastKnownFileType = folder.assetcatalog; path = Assets.xcassets; sourceTree = "<group>"; };
		C04078441C18760900D3EEE4 /* Base */ = {isa = PBXFileReference; lastKnownFileType = file.storyboard; name = Base; path = Base.lproj/LaunchScreen.storyboard; sourceTree = "<group>"; };
		C04078461C18760900D3EEE4 /* Info.plist */ = {isa = PBXFileReference; lastKnownFileType = text.plist.xml; path = Info.plist; sourceTree = "<group>"; };
		C040784C1C1884F100D3EEE4 /* MenuScene.sks */ = {isa = PBXFileReference; lastKnownFileType = file.sks; path = MenuScene.sks; sourceTree = "<group>"; };
		C0FC0C7E1C467870008AE09D /* GameKit.framework */ = {isa = PBXFileReference; lastKnownFileType = wrapper.framework; name = GameKit.framework; path = System/Library/Frameworks/GameKit.framework; sourceTree = SDKROOT; };
		C0FC0C811C469797008AE09D /* EnemyEntity.swift */ = {isa = PBXFileReference; fileEncoding = 4; lastKnownFileType = sourcecode.swift; path = EnemyEntity.swift; sourceTree = "<group>"; };
		C0FC0C831C469A5F008AE09D /* EnemyAgent.swift */ = {isa = PBXFileReference; fileEncoding = 4; lastKnownFileType = sourcecode.swift; path = EnemyAgent.swift; sourceTree = "<group>"; };
		C0FC0C8F1C492B56008AE09D /* Level1.sks */ = {isa = PBXFileReference; lastKnownFileType = file.sks; name = Level1.sks; path = Scenes/SKS/Level2/Level1.sks; sourceTree = "<group>"; };
		C0FC0C911C492B9D008AE09D /* Level1.plist */ = {isa = PBXFileReference; fileEncoding = 4; lastKnownFileType = text.plist.xml; name = Level1.plist; path = Scenes/SKS/Level2/Level1.plist; sourceTree = "<group>"; };
/* End PBXFileReference section */

/* Begin PBXFrameworksBuildPhase section */
		C04078301C18760900D3EEE4 /* Frameworks */ = {
			isa = PBXFrameworksBuildPhase;
			buildActionMask = 2147483647;
			files = (
				C0FC0C7F1C467870008AE09D /* GameKit.framework in Frameworks */,
			);
			runOnlyForDeploymentPostprocessing = 0;
		};
/* End PBXFrameworksBuildPhase section */

/* Begin PBXGroup section */
		9101C05F1C22F711008F893C /* IC States LumaxMan */ = {
			isa = PBXGroup;
			children = (
				9101C0601C22F73A008F893C /* LMAppearState.swift */,
				9101C0641C22F758008F893C /* LMMovingState.swift */,
				9101C0621C22F74E008F893C /* LMHitState.swift */,
			);
			name = "IC States LumaxMan";
			sourceTree = "<group>";
		};
		91AE87B11C4E7CDF00A5E263 /* ObjectBehavior */ = {
			isa = PBXGroup;
			children = (
				91AE87AF1C4E7B1000A5E263 /* KeyBehavior.swift */,
				9142B5CB1C57C9A400F1B7DC /* CoinBehavior.swift */,
			);
			name = ObjectBehavior;
			sourceTree = "<group>";
		};
		91CA49911C20A26200AFA41A /* iOS */ = {
			isa = PBXGroup;
			children = (
				C04078361C18760900D3EEE4 /* AppDelegate.swift */,
				C040783C1C18760900D3EEE4 /* GameViewController.swift */,
				C040783E1C18760900D3EEE4 /* Main.storyboard */,
				C04078431C18760900D3EEE4 /* LaunchScreen.storyboard */,
				C04078461C18760900D3EEE4 /* Info.plist */,
			);
			name = iOS;
			sourceTree = "<group>";
		};
		91CA49921C20A27400AFA41A /* Scene Loading */ = {
			isa = PBXGroup;
			children = (
				91CA49931C20A29800AFA41A /* SceneManager.swift */,
				91CA49951C20A2F800AFA41A /* SceneMetadata.swift */,
			);
			name = "Scene Loading";
			sourceTree = "<group>";
		};
		91CA49BB1C20EC5100AFA41A /* States */ = {
			isa = PBXGroup;
			children = (
				91CA49BC1C20EC7600AFA41A /* PauseScene.sks */,
				91CA49BE1C20ECA500AFA41A /* FailScene.sks */,
				91CA49C01C20ECB000AFA41A /* SuccessScene.sks */,
			);
			name = States;
			sourceTree = "<group>";
		};
		91FFF78A1C20718500B7EC45 /* Entities */ = {
			isa = PBXGroup;
			children = (
				91FFF78C1C2072E700B7EC45 /* LumaxManEntity.swift */,
				916A9D341C493B5C00C486B5 /* ObjectEntity.swift */,
				91CA499D1C20B05F00AFA41A /* GameplayConfiguration.swift */,
				C0FC0C811C469797008AE09D /* EnemyEntity.swift */,
				C0FC0C831C469A5F008AE09D /* EnemyAgent.swift */,
			);
			name = Entities;
			sourceTree = "<group>";
		};
		91FFF78B1C20718B00B7EC45 /* Components */ = {
			isa = PBXGroup;
			children = (
				91FFF78E1C20747700B7EC45 /* InputComponent.swift */,
				91CA49A31C20CD0800AFA41A /* RenderComponent.swift */,
				91CA49A51C20CDB600AFA41A /* MovementComponent.swift */,
				91CA49A71C20D12100AFA41A /* OrientationComponent.swift */,
				9101C0591C22EF44008F893C /* AnimationComponent.swift */,
				9142B5C71C57B8A300F1B7DC /* SimpleAnimationComponent.swift */,
				9101C05D1C22F702008F893C /* IntelligenceComponent.swift */,
				91B9C18D1C4690CA0015FE72 /* PhysicsComponent.swift */,
				9101C05F1C22F711008F893C /* IC States LumaxMan */,
				C02B58EA1C4EA2B00079D144 /* IC States Enemy */,
				91AE87AD1C4E770F00A5E263 /* ObjectComponent.swift */,
				91AE87B11C4E7CDF00A5E263 /* ObjectBehavior */,
			);
			name = Components;
			sourceTree = "<group>";
		};
		91FFF7901C20756900B7EC45 /* PlayerControl */ = {
			isa = PBXGroup;
			children = (
				91FFF7911C20758100B7EC45 /* ControlInputSource.swift */,
				84967C901C467E27005D5CFD /* GestureControlInputSource.swift */,
			);
			name = PlayerControl;
			sourceTree = "<group>";
		};
		91FFF7931C20765400B7EC45 /* Nodes */ = {
			isa = PBXGroup;
			children = (
				91FFF7941C20766C00B7EC45 /* EntityNode.swift */,
				91CA49991C20AD4500AFA41A /* ButtonNode.swift */,
			);
			name = Nodes;
			sourceTree = "<group>";
		};
		91FFF7961C2078A300B7EC45 /* Scenes */ = {
			isa = PBXGroup;
			children = (
				91CA49971C20AB6B00AFA41A /* BaseScene.swift */,
				91CA49A11C20B38300AFA41A /* SceneOverlay.swift */,
				91CA499F1C20B1A600AFA41A /* MenuScene.swift */,
				84A64F821C57E8AF009641B0 /* SettingsScene.swift */,
				844F93EA1C57BDC300CE97F0 /* SelectLevelScene.swift */,
				91FFF79B1C207B0800B7EC45 /* LevelScene.swift */,
				91FFF79D1C207C1600B7EC45 /* LevelScene+Pause.swift */,
				91FFF79F1C207C3600B7EC45 /* LevelScene States */,
				91CA49921C20A27400AFA41A /* Scene Loading */,
				91FFF7971C2078A800B7EC45 /* SKS */,
			);
			name = Scenes;
			sourceTree = "<group>";
		};
		91FFF7971C2078A800B7EC45 /* SKS */ = {
			isa = PBXGroup;
			children = (
				91CA499B1C20AFD900AFA41A /* SceneConfiguration.plist */,
				91CA49B71C20DD9300AFA41A /* LevelConfiguration.swift */,
				C040784C1C1884F100D3EEE4 /* MenuScene.sks */,
				84967C961C4693D3005D5CFD /* SettingsScene.sks */,
				844F93EC1C57BE1E00CE97F0 /* SelectLevelScene.sks */,
				91CA49BB1C20EC5100AFA41A /* States */,
				91FFF79A1C20792900B7EC45 /* Level1 */,
			);
			name = SKS;
			sourceTree = "<group>";
		};
		91FFF79A1C20792900B7EC45 /* Level1 */ = {
			isa = PBXGroup;
			children = (
				C0FC0C911C492B9D008AE09D /* Level1.plist */,
				C0FC0C8F1C492B56008AE09D /* Level1.sks */,
			);
			name = Level1;
			sourceTree = "<group>";
		};
		91FFF79F1C207C3600B7EC45 /* LevelScene States */ = {
			isa = PBXGroup;
			children = (
				91CA49AD1C20D7C700AFA41A /* LevelSceneActiveState.swift */,
				91CA49AF1C20D7F600AFA41A /* LevelSceneOverlayState.swift */,
				91CA49B11C20D80A00AFA41A /* LevelScenePauseState.swift */,
				91CA49B31C20D82200AFA41A /* LevelSceneFailState.swift */,
				91CA49B51C20D83500AFA41A /* LevelSceneSuccessState.swift */,
			);
			name = "LevelScene States";
			sourceTree = "<group>";
		};
		91FFF7A01C207D6B00B7EC45 /* Assets */ = {
			isa = PBXGroup;
			children = (
				C04078411C18760900D3EEE4 /* Assets.xcassets */,
				9101C0661C22FBDE008F893C /* LumaxMan.xcassets */,
				C02B58E21C4E8DCD0079D144 /* Enemy.xcassets */,
				9142B5C91C57C1A200F1B7DC /* Objects.xcassets */,
			);
			name = Assets;
			sourceTree = "<group>";
		};
		C001CAD61C22FDA00075843C /* GameKit */ = {
			isa = PBXGroup;
			children = (
			);
			name = GameKit;
			sourceTree = "<group>";
		};
		C02B58EA1C4EA2B00079D144 /* IC States Enemy */ = {
			isa = PBXGroup;
			children = (
				C02B58EB1C4EA2F50079D144 /* EnemyEscapingState.swift */,
				C02B58ED1C4EA30D0079D144 /* EnemyFollowingState.swift */,
			);
			name = "IC States Enemy";
			sourceTree = "<group>";
		};
		C040782A1C18760900D3EEE4 = {
			isa = PBXGroup;
			children = (
				C04078351C18760900D3EEE4 /* LuMaxMan */,
				C0FC0C801C4678CC008AE09D /* Frameworks */,
				C04078341C18760900D3EEE4 /* Products */,
			);
			sourceTree = "<group>";
		};
		C04078341C18760900D3EEE4 /* Products */ = {
			isa = PBXGroup;
			children = (
				C04078331C18760900D3EEE4 /* LuMaxMan.app */,
			);
			name = Products;
			sourceTree = "<group>";
		};
		C04078351C18760900D3EEE4 /* LuMaxMan */ = {
			isa = PBXGroup;
			children = (
				91FFF78A1C20718500B7EC45 /* Entities */,
				91FFF78B1C20718B00B7EC45 /* Components */,
				91FFF7901C20756900B7EC45 /* PlayerControl */,
				91FFF7961C2078A300B7EC45 /* Scenes */,
				91FFF7931C20765400B7EC45 /* Nodes */,
				C001CAD61C22FDA00075843C /* GameKit */,
				91CA49911C20A26200AFA41A /* iOS */,
				91FFF7A01C207D6B00B7EC45 /* Assets */,
				91CA49AB1C20D53700AFA41A /* GeometryExtensions.swift */,
				9101C05B1C22EFA5008F893C /* Direction.swift */,
				91B9C18F1C4695540015FE72 /* ColliderType.swift */,
				91B9C1911C4696D40015FE72 /* ContactNotifiableType.swift */,
			);
			path = LuMaxMan;
			sourceTree = "<group>";
		};
		C0FC0C801C4678CC008AE09D /* Frameworks */ = {
			isa = PBXGroup;
			children = (
				C0FC0C7E1C467870008AE09D /* GameKit.framework */,
			);
			name = Frameworks;
			sourceTree = "<group>";
		};
/* End PBXGroup section */

/* Begin PBXNativeTarget section */
		C04078321C18760900D3EEE4 /* LuMaxMan */ = {
			isa = PBXNativeTarget;
			buildConfigurationList = C04078491C18760900D3EEE4 /* Build configuration list for PBXNativeTarget "LuMaxMan" */;
			buildPhases = (
				C040782F1C18760900D3EEE4 /* Sources */,
				C04078301C18760900D3EEE4 /* Frameworks */,
				C04078311C18760900D3EEE4 /* Resources */,
			);
			buildRules = (
			);
			dependencies = (
			);
			name = LuMaxMan;
			productName = LuMaxMan;
			productReference = C04078331C18760900D3EEE4 /* LuMaxMan.app */;
			productType = "com.apple.product-type.application";
		};
/* End PBXNativeTarget section */

/* Begin PBXProject section */
		C040782B1C18760900D3EEE4 /* Project object */ = {
			isa = PBXProject;
			attributes = {
				LastSwiftUpdateCheck = 0710;
				LastUpgradeCheck = 0710;
				TargetAttributes = {
					C04078321C18760900D3EEE4 = {
						CreatedOnToolsVersion = 7.1.1;
						DevelopmentTeam = C7PLUFBAM2;
						SystemCapabilities = {
							com.apple.GameCenter = {
								enabled = 1;
							};
						};
					};
				};
			};
			buildConfigurationList = C040782E1C18760900D3EEE4 /* Build configuration list for PBXProject "LuMaxMan" */;
			compatibilityVersion = "Xcode 3.2";
			developmentRegion = English;
			hasScannedForEncodings = 0;
			knownRegions = (
				en,
				Base,
			);
			mainGroup = C040782A1C18760900D3EEE4;
			productRefGroup = C04078341C18760900D3EEE4 /* Products */;
			projectDirPath = "";
			projectRoot = "";
			targets = (
				C04078321C18760900D3EEE4 /* LuMaxMan */,
			);
		};
/* End PBXProject section */

/* Begin PBXResourcesBuildPhase section */
		C04078311C18760900D3EEE4 /* Resources */ = {
			isa = PBXResourcesBuildPhase;
			buildActionMask = 2147483647;
			files = (
				C04078451C18760900D3EEE4 /* LaunchScreen.storyboard in Resources */,
				91CA49BD1C20EC7600AFA41A /* PauseScene.sks in Resources */,
				C04078421C18760900D3EEE4 /* Assets.xcassets in Resources */,
				84967C971C4693D3005D5CFD /* SettingsScene.sks in Resources */,
				9142B5CA1C57C1A200F1B7DC /* Objects.xcassets in Resources */,
				91CA49BF1C20ECA500AFA41A /* FailScene.sks in Resources */,
				91CA499C1C20AFD900AFA41A /* SceneConfiguration.plist in Resources */,
				9101C0671C22FBDE008F893C /* LumaxMan.xcassets in Resources */,
				C040784D1C1884F100D3EEE4 /* MenuScene.sks in Resources */,
				C02B58E31C4E8DCD0079D144 /* Enemy.xcassets in Resources */,
				91CA49C11C20ECB000AFA41A /* SuccessScene.sks in Resources */,
				C0FC0C921C492B9D008AE09D /* Level1.plist in Resources */,
				C0FC0C901C492B56008AE09D /* Level1.sks in Resources */,
				C04078401C18760900D3EEE4 /* Main.storyboard in Resources */,
				844F93ED1C57BE1E00CE97F0 /* SelectLevelScene.sks in Resources */,
			);
			runOnlyForDeploymentPostprocessing = 0;
		};
/* End PBXResourcesBuildPhase section */

/* Begin PBXSourcesBuildPhase section */
		C040782F1C18760900D3EEE4 /* Sources */ = {
			isa = PBXSourcesBuildPhase;
			buildActionMask = 2147483647;
			files = (
				91FFF78F1C20747700B7EC45 /* InputComponent.swift in Sources */,
				91CA49961C20A2F800AFA41A /* SceneMetadata.swift in Sources */,
				844F93EB1C57BDC300CE97F0 /* SelectLevelScene.swift in Sources */,
				91CA49B81C20DD9300AFA41A /* LevelConfiguration.swift in Sources */,
				916A9D351C493B5C00C486B5 /* ObjectEntity.swift in Sources */,
				91CA49B41C20D82200AFA41A /* LevelSceneFailState.swift in Sources */,
				C0FC0C841C469A5F008AE09D /* EnemyAgent.swift in Sources */,
				C0FC0C821C469797008AE09D /* EnemyEntity.swift in Sources */,
				91CA49B21C20D80A00AFA41A /* LevelScenePauseState.swift in Sources */,
				91CA49A81C20D12100AFA41A /* OrientationComponent.swift in Sources */,
				9101C05A1C22EF44008F893C /* AnimationComponent.swift in Sources */,
				91FFF78D1C2072E700B7EC45 /* LumaxManEntity.swift in Sources */,
				91CA49A41C20CD0800AFA41A /* RenderComponent.swift in Sources */,
				91CA49AE1C20D7C700AFA41A /* LevelSceneActiveState.swift in Sources */,
				91CA49A01C20B1A600AFA41A /* MenuScene.swift in Sources */,
				9142B5CC1C57C9A400F1B7DC /* CoinBehavior.swift in Sources */,
				91AE87AE1C4E770F00A5E263 /* ObjectComponent.swift in Sources */,
				91CA49A61C20CDB600AFA41A /* MovementComponent.swift in Sources */,
				9101C05E1C22F702008F893C /* IntelligenceComponent.swift in Sources */,
				91CA499E1C20B05F00AFA41A /* GameplayConfiguration.swift in Sources */,
				C040783D1C18760900D3EEE4 /* GameViewController.swift in Sources */,
				91AE87B01C4E7B1000A5E263 /* KeyBehavior.swift in Sources */,
				9101C0611C22F73A008F893C /* LMAppearState.swift in Sources */,
				9101C0631C22F74E008F893C /* LMHitState.swift in Sources */,
				91FFF79E1C207C1600B7EC45 /* LevelScene+Pause.swift in Sources */,
				C02B58EE1C4EA30D0079D144 /* EnemyFollowingState.swift in Sources */,
				91CA49A21C20B38300AFA41A /* SceneOverlay.swift in Sources */,
				91CA499A1C20AD4500AFA41A /* ButtonNode.swift in Sources */,
				91CA49B61C20D83500AFA41A /* LevelSceneSuccessState.swift in Sources */,
				91CA49941C20A29800AFA41A /* SceneManager.swift in Sources */,
				C04078371C18760900D3EEE4 /* AppDelegate.swift in Sources */,
				91B9C1901C4695540015FE72 /* ColliderType.swift in Sources */,
				C02B58EC1C4EA2F50079D144 /* EnemyEscapingState.swift in Sources */,
				91FFF79C1C207B0800B7EC45 /* LevelScene.swift in Sources */,
				91CA49981C20AB6B00AFA41A /* BaseScene.swift in Sources */,
				91FFF7951C20766C00B7EC45 /* EntityNode.swift in Sources */,
				91CA49AC1C20D53700AFA41A /* GeometryExtensions.swift in Sources */,
				847DE5241C57F6F80046DE24 /* SettingsScene.swift in Sources */,
				84967C911C467E27005D5CFD /* GestureControlInputSource.swift in Sources */,
				91B9C1921C4696D40015FE72 /* ContactNotifiableType.swift in Sources */,
				91B9C18E1C4690CA0015FE72 /* PhysicsComponent.swift in Sources */,
				9101C0651C22F758008F893C /* LMMovingState.swift in Sources */,
				91CA49B01C20D7F600AFA41A /* LevelSceneOverlayState.swift in Sources */,
				91FFF7921C20758100B7EC45 /* ControlInputSource.swift in Sources */,
				9142B5C81C57B8A300F1B7DC /* SimpleAnimationComponent.swift in Sources */,
				9101C05C1C22EFA5008F893C /* Direction.swift in Sources */,
			);
			runOnlyForDeploymentPostprocessing = 0;
		};
/* End PBXSourcesBuildPhase section */

/* Begin PBXVariantGroup section */
		C040783E1C18760900D3EEE4 /* Main.storyboard */ = {
			isa = PBXVariantGroup;
			children = (
				C040783F1C18760900D3EEE4 /* Base */,
			);
			name = Main.storyboard;
			sourceTree = "<group>";
		};
		C04078431C18760900D3EEE4 /* LaunchScreen.storyboard */ = {
			isa = PBXVariantGroup;
			children = (
				C04078441C18760900D3EEE4 /* Base */,
			);
			name = LaunchScreen.storyboard;
			sourceTree = "<group>";
		};
/* End PBXVariantGroup section */

/* Begin XCBuildConfiguration section */
		C04078471C18760900D3EEE4 /* Debug */ = {
			isa = XCBuildConfiguration;
			buildSettings = {
				ALWAYS_SEARCH_USER_PATHS = NO;
				CLANG_CXX_LANGUAGE_STANDARD = "gnu++0x";
				CLANG_CXX_LIBRARY = "libc++";
				CLANG_ENABLE_MODULES = YES;
				CLANG_ENABLE_OBJC_ARC = YES;
				CLANG_WARN_BOOL_CONVERSION = YES;
				CLANG_WARN_CONSTANT_CONVERSION = YES;
				CLANG_WARN_DIRECT_OBJC_ISA_USAGE = YES_ERROR;
				CLANG_WARN_EMPTY_BODY = YES;
				CLANG_WARN_ENUM_CONVERSION = YES;
				CLANG_WARN_INT_CONVERSION = YES;
				CLANG_WARN_OBJC_ROOT_CLASS = YES_ERROR;
				CLANG_WARN_UNREACHABLE_CODE = YES;
				CLANG_WARN__DUPLICATE_METHOD_MATCH = YES;
				"CODE_SIGN_IDENTITY[sdk=iphoneos*]" = "iPhone Developer";
				COPY_PHASE_STRIP = NO;
				DEBUG_INFORMATION_FORMAT = "dwarf-with-dsym";
				ENABLE_STRICT_OBJC_MSGSEND = YES;
				ENABLE_TESTABILITY = YES;
				GCC_C_LANGUAGE_STANDARD = gnu99;
				GCC_DYNAMIC_NO_PIC = NO;
				GCC_NO_COMMON_BLOCKS = YES;
				GCC_OPTIMIZATION_LEVEL = 0;
				GCC_PREPROCESSOR_DEFINITIONS = (
					"DEBUG=1",
					"$(inherited)",
				);
				GCC_WARN_64_TO_32_BIT_CONVERSION = YES;
				GCC_WARN_ABOUT_RETURN_TYPE = YES_ERROR;
				GCC_WARN_UNDECLARED_SELECTOR = YES;
				GCC_WARN_UNINITIALIZED_AUTOS = YES_AGGRESSIVE;
				GCC_WARN_UNUSED_FUNCTION = YES;
				GCC_WARN_UNUSED_VARIABLE = YES;
				IPHONEOS_DEPLOYMENT_TARGET = 9.1;
				MTL_ENABLE_DEBUG_INFO = YES;
				ONLY_ACTIVE_ARCH = YES;
				SDKROOT = iphoneos;
				SWIFT_OPTIMIZATION_LEVEL = "-Onone";
			};
			name = Debug;
		};
		C04078481C18760900D3EEE4 /* Release */ = {
			isa = XCBuildConfiguration;
			buildSettings = {
				ALWAYS_SEARCH_USER_PATHS = NO;
				CLANG_CXX_LANGUAGE_STANDARD = "gnu++0x";
				CLANG_CXX_LIBRARY = "libc++";
				CLANG_ENABLE_MODULES = YES;
				CLANG_ENABLE_OBJC_ARC = YES;
				CLANG_WARN_BOOL_CONVERSION = YES;
				CLANG_WARN_CONSTANT_CONVERSION = YES;
				CLANG_WARN_DIRECT_OBJC_ISA_USAGE = YES_ERROR;
				CLANG_WARN_EMPTY_BODY = YES;
				CLANG_WARN_ENUM_CONVERSION = YES;
				CLANG_WARN_INT_CONVERSION = YES;
				CLANG_WARN_OBJC_ROOT_CLASS = YES_ERROR;
				CLANG_WARN_UNREACHABLE_CODE = YES;
				CLANG_WARN__DUPLICATE_METHOD_MATCH = YES;
				"CODE_SIGN_IDENTITY[sdk=iphoneos*]" = "iPhone Developer";
				COPY_PHASE_STRIP = NO;
				DEBUG_INFORMATION_FORMAT = "dwarf-with-dsym";
				ENABLE_NS_ASSERTIONS = NO;
				ENABLE_STRICT_OBJC_MSGSEND = YES;
				GCC_C_LANGUAGE_STANDARD = gnu99;
				GCC_NO_COMMON_BLOCKS = YES;
				GCC_WARN_64_TO_32_BIT_CONVERSION = YES;
				GCC_WARN_ABOUT_RETURN_TYPE = YES_ERROR;
				GCC_WARN_UNDECLARED_SELECTOR = YES;
				GCC_WARN_UNINITIALIZED_AUTOS = YES_AGGRESSIVE;
				GCC_WARN_UNUSED_FUNCTION = YES;
				GCC_WARN_UNUSED_VARIABLE = YES;
				IPHONEOS_DEPLOYMENT_TARGET = 9.1;
				MTL_ENABLE_DEBUG_INFO = NO;
				SDKROOT = iphoneos;
				VALIDATE_PRODUCT = YES;
			};
			name = Release;
		};
		C040784A1C18760900D3EEE4 /* Debug */ = {
			isa = XCBuildConfiguration;
			buildSettings = {
				ASSETCATALOG_COMPILER_APPICON_NAME = AppIcon;
				CODE_SIGN_IDENTITY = "iPhone Developer";
				"CODE_SIGN_IDENTITY[sdk=iphoneos*]" = "iPhone Developer";
				INFOPLIST_FILE = LuMaxMan/Info.plist;
				LD_RUNPATH_SEARCH_PATHS = "$(inherited) @executable_path/Frameworks";
				PRODUCT_BUNDLE_IDENTIFIER = de.lmu.ifi.mobile.lumaxman;
				PRODUCT_NAME = "$(TARGET_NAME)";
				PROVISIONING_PROFILE = "";
			};
			name = Debug;
		};
		C040784B1C18760900D3EEE4 /* Release */ = {
			isa = XCBuildConfiguration;
			buildSettings = {
				ASSETCATALOG_COMPILER_APPICON_NAME = AppIcon;
				CODE_SIGN_IDENTITY = "iPhone Developer";
				"CODE_SIGN_IDENTITY[sdk=iphoneos*]" = "iPhone Developer";
				INFOPLIST_FILE = LuMaxMan/Info.plist;
				LD_RUNPATH_SEARCH_PATHS = "$(inherited) @executable_path/Frameworks";
				PRODUCT_BUNDLE_IDENTIFIER = de.lmu.ifi.mobile.lumaxman;
				PRODUCT_NAME = "$(TARGET_NAME)";
				PROVISIONING_PROFILE = "";
			};
			name = Release;
		};
/* End XCBuildConfiguration section */

/* Begin XCConfigurationList section */
		C040782E1C18760900D3EEE4 /* Build configuration list for PBXProject "LuMaxMan" */ = {
			isa = XCConfigurationList;
			buildConfigurations = (
				C04078471C18760900D3EEE4 /* Debug */,
				C04078481C18760900D3EEE4 /* Release */,
			);
			defaultConfigurationIsVisible = 0;
			defaultConfigurationName = Release;
		};
		C04078491C18760900D3EEE4 /* Build configuration list for PBXNativeTarget "LuMaxMan" */ = {
			isa = XCConfigurationList;
			buildConfigurations = (
				C040784A1C18760900D3EEE4 /* Debug */,
				C040784B1C18760900D3EEE4 /* Release */,
			);
			defaultConfigurationIsVisible = 0;
			defaultConfigurationName = Release;
		};
/* End XCConfigurationList section */
	};
	rootObject = C040782B1C18760900D3EEE4 /* Project object */;
}
